<?xml version="1.0" encoding="utf-8"?>
<Project ToolsVersion="4.0" xmlns="http://schemas.microsoft.com/developer/msbuild/2003">
  <ItemGroup>
    <Filter Include="Source Files">
      <UniqueIdentifier>{4FC737F1-C7A5-4376-A066-2A32D752A2FF}</UniqueIdentifier>
      <Extensions>cpp;c;cc;cxx;c++;cppm;ixx;def;odl;idl;hpj;bat;asm;asmx</Extensions>
    </Filter>
    <Filter Include="Header Files">
      <UniqueIdentifier>{93995380-89BD-4b04-88EB-625FBE52EBFB}</UniqueIdentifier>
      <Extensions>h;hh;hpp;hxx;h++;hm;inl;inc;ipp;xsd</Extensions>
    </Filter>
    <Filter Include="Resource Files">
      <UniqueIdentifier>{67DA6AB6-F800-4c08-8B7A-83BB121AAD01}</UniqueIdentifier>
      <Extensions>rc;ico;cur;bmp;dlg;rc2;rct;bin;rgs;gif;jpg;jpeg;jpe;resx;tiff;tif;png;wav;mfcribbon-ms</Extensions>
    </Filter>
    <Filter Include="Core">
      <UniqueIdentifier>{f10d9f39-4104-40e5-bb75-df6d770045ae}</UniqueIdentifier>
    </Filter>
    <Filter Include="Frame">
      <UniqueIdentifier>{1f83e962-ad60-4c34-85eb-c633f92dac3d}</UniqueIdentifier>
    </Filter>
    <Filter Include="Input">
      <UniqueIdentifier>{0f818015-611b-455b-a051-52c8e4a19b53}</UniqueIdentifier>
    </Filter>
    <Filter Include="IPC">
      <UniqueIdentifier>{617181b8-0a24-49dc-a8de-6e5e97a5eed3}</UniqueIdentifier>
    </Filter>
    <Filter Include="Window">
      <UniqueIdentifier>{80187cae-f9b0-4685-ae88-66d732eaa3f8}</UniqueIdentifier>
    </Filter>
  </ItemGroup>
  <ItemGroup>
    <ClCompile Include="Controller.cpp">
      <Filter>Core</Filter>
    </ClCompile>
    <ClCompile Include="NamedPipeClient.cpp">
      <Filter>IPC</Filter>
    </ClCompile>
    <ClCompile Include="FrameReader.cpp">
      <Filter>Frame</Filter>
    </ClCompile>
    <ClCompile Include="FrameTexture.cpp">
      <Filter>Frame</Filter>
    </ClCompile>
    <ClCompile Include="Keyboard.cpp">
      <Filter>Input</Filter>
    </ClCompile>
    <ClCompile Include="Mouse.cpp">
      <Filter>Input</Filter>
    </ClCompile>
    <ClCompile Include="View.cpp">
      <Filter>Window</Filter>
    </ClCompile>
    <ClCompile Include="ExternalWindow.cpp">
      <Filter>Window</Filter>
    </ClCompile>
    <ClCompile Include="ProcessManager.cpp">
      <Filter>Core</Filter>
    </ClCompile>
  </ItemGroup>
  <ItemGroup>
    <ClInclude Include="Controller.h">
      <Filter>Core</Filter>
    </ClInclude>
    <ClInclude Include="NamedPipeClient.h">
      <Filter>IPC</Filter>
    </ClInclude>
    <ClInclude Include="FrameReader.h">
      <Filter>Frame</Filter>
    </ClInclude>
    <ClInclude Include="FrameTexture.h">
      <Filter>Frame</Filter>
    </ClInclude>
    <ClInclude Include="Keyboard.h">
      <Filter>Input</Filter>
    </ClInclude>
    <ClInclude Include="Mouse.h">
      <Filter>Input</Filter>
    </ClInclude>
    <ClInclude Include="View.h">
      <Filter>Window</Filter>
    </ClInclude>
    <ClInclude Include="ExternalWindow.h">
      <Filter>Window</Filter>
    </ClInclude>
    <ClInclude Include="ProcessManager.h">
      <Filter>Core</Filter>
    </ClInclude>
  </ItemGroup>
</Project>