<Solution>
  <Configurations>
    <Platform Name="x64" />
    <Platform Name="x86" />
  </Configurations>
  <Folder Name="/Solution Items/">
    <File Path="140926.txt" />
    <File Path="docs/CursorResearch.txt" />
    <File Path="DosBoxMemoryTools - kurznotiz stand 080926.txt" />
    <File Path="DosBoxMemoryTools/2026-08-29.txt" />
    <File Path="Morgen.txt" />
    <File Path="später.txt" />
  </Folder>
  <Project Path="dosbox-x/vs/dosbox-x.vcxproj" Id="8a52284e-5115-453e-ad4b-87b8fcdb1244">
    <BuildType Solution="Debug|x64" Project="Debug SDL2" />
  </Project>
  <Project Path="dosbox-x/vs/libpdcurses/libpdcurses.vcxproj" Id="671232ec-c55c-4636-a75f-7e4b4c54c314">
    <BuildType Solution="Debug|x64" Project="Debug SDL2" />
  </Project>
  <Project Path="DosBoxMemoryTools/DosBoxMemoryTools.vcxproj" Id="eeab584f-b05a-4e0d-a2b7-e94e0e107fa8" />
  <Project Path="DosBoxX/DosBoxX.vcxproj" Id="c5542076-9232-495f-91c7-92cf22e2f0df" />
  <Project Path="GridBuilder3D/GridBuilder3D.vcxproj" Id="642ddf31-8c16-4247-a1e9-f0e46f5e9036" />
  <Project Path="GridBuilderCore/GridBuilderCore.vcxproj" Id="f1e86453-4a0c-4062-a662-38e91def7ccd" />
  <Project Path="GridBuilderGrid/GridBuilderGrid.vcxproj" Id="f8d2b9b9-56b8-43d6-8d97-d10ea19c7951" />
  <Project Path="GridBuilderHost/GridBuilderHost.vcxproj" Id="fae2fb6c-129d-43aa-98b2-fb6ccdf8d4f7" />
  <Project Path="MemoryToolsApp/MemoryToolsApp.vcxproj" Id="4e6e6b43-8718-4f86-8a37-4750650077e8" />
  <Project Path="MightAndMagic3ReverseEngeneering/MightAndMagic3ReverseEngeneering.vcxproj" Id="a2cbbb64-e396-4b8f-b449-6f4bfd5ac124" />
  <Project Path="MyImGui/MyImGui.vcxproj" Id="df47b7a7-9d08-45a7-afe0-485bef09fe61" />
</Solution>
