<Solution>
  <Configurations>
    <Platform Name="x64" />
    <Platform Name="x86" />
  </Configurations>
  <Project Path="ImGui/ImGui.vcxproj" Id="7400f32b-42d9-432d-81d4-e5b8e0fd510d" />
  <Project Path="MyImGui/MyImGui.vcxproj" Id="df47b7a7-9d08-45a7-afe0-485bef09fe61" />
  <Project Path="MyImGuiTest/MyImGuiTest.vcxproj" Id="4e6e6b43-8718-4f86-8a37-4750650077e8" />
</Solution>
