<Solution>
  <Configurations>
    <Platform Name="x64" />
    <Platform Name="x86" />
  </Configurations>
  <Project Path="dosbox-x/vs/dosbox-x.vcxproj" Id="8a52284e-5115-453e-ad4b-87b8fcdb1244">
    <BuildType Solution="Debug|x64" Project="Debug SDL2" />
  </Project>
  <Project Path="dosbox-x/vs/libpdcurses/libpdcurses.vcxproj" Id="671232ec-c55c-4636-a75f-7e4b4c54c314">
    <BuildType Solution="Debug|x64" Project="Debug SDL2" />
  </Project>
  <Project Path="DosBoxMemoryTools/DosBoxMemoryTools.vcxproj" Id="eeab584f-b05a-4e0d-a2b7-e94e0e107fa8" />
  <Project Path="DosBoxX/DosBoxX.vcxproj" Id="c5542076-9232-495f-91c7-92cf22e2f0df" />
  <Project Path="GridBuilderCore/GridBuilderCore.vcxproj" Id="f1e86453-4a0c-4062-a662-38e91def7ccd" />
  <Project Path="GridBuilderEditor/GridBuilderEditor.vcxproj" Id="d949150b-22af-46e9-a9b1-7bada5a108e7" />
  <Project Path="GridBuilderGame/GridBuilderGame.vcxproj" Id="0521b043-8d72-4a87-b670-48ea4c3f42d2" />
  <Project Path="ImGui/ImGui.vcxproj" Id="7400f32b-42d9-432d-81d4-e5b8e0fd510d" />
  <Project Path="MightAndMagic3ReverseEngeneering/MightAndMagic3ReverseEngeneering.vcxproj" Id="a2cbbb64-e396-4b8f-b449-6f4bfd5ac124" />
  <Project Path="MyImGui/MyImGui.vcxproj" Id="df47b7a7-9d08-45a7-afe0-485bef09fe61" />
  <Project Path="MyImGuiTest/MyImGuiTest.vcxproj" Id="4e6e6b43-8718-4f86-8a37-4750650077e8" />
</Solution>
