<?xml version="1.0" encoding="utf-8"?>
<Project ToolsVersion="4.0" xmlns="http://schemas.microsoft.com/developer/msbuild/2003">
  <ItemGroup>
    <Filter Include="Source Files">
      <UniqueIdentifier>{4FC737F1-C7A5-4376-A066-2A32D752A2FF}</UniqueIdentifier>
      <Extensions>cpp;c;cc;cxx;c++;cppm;ixx;def;odl;idl;hpj;bat;asm;asmx</Extensions>
    </Filter>
    <Filter Include="Header Files">
      <UniqueIdentifier>{93995380-89BD-4b04-88EB-625FBE52EBFB}</UniqueIdentifier>
      <Extensions>h;hh;hpp;hxx;h++;hm;inl;inc;ipp;xsd</Extensions>
    </Filter>
    <Filter Include="Resource Files">
      <UniqueIdentifier>{67DA6AB6-F800-4c08-8B7A-83BB121AAD01}</UniqueIdentifier>
      <Extensions>rc;ico;cur;bmp;dlg;rc2;rct;bin;rgs;gif;jpg;jpeg;jpe;resx;tiff;tif;png;wav;mfcribbon-ms</Extensions>
    </Filter>
    <Filter Include="Core">
      <UniqueIdentifier>{4d7ae073-cb62-4c0f-a4f6-f788234de111}</UniqueIdentifier>
    </Filter>
    <Filter Include="Dissasembly">
      <UniqueIdentifier>{22f43b72-92ee-4b05-9370-e1f1bea4dad1}</UniqueIdentifier>
    </Filter>
    <Filter Include="Memory">
      <UniqueIdentifier>{442b5bf4-bc72-4c54-82c5-e798c5487c5c}</UniqueIdentifier>
    </Filter>
    <Filter Include="Scanner">
      <UniqueIdentifier>{790f0a1c-379a-4a2e-bf5f-9bdc480f3747}</UniqueIdentifier>
    </Filter>
    <Filter Include="Tracking">
      <UniqueIdentifier>{76deb51d-c45f-47b7-930b-c512f2849ff6}</UniqueIdentifier>
    </Filter>
    <Filter Include="Viewer">
      <UniqueIdentifier>{a4940971-5094-41e5-98a3-ec95fd64947b}</UniqueIdentifier>
    </Filter>
    <Filter Include="Ui">
      <UniqueIdentifier>{dd904834-35fe-431b-8b0d-a86528b2189c}</UniqueIdentifier>
    </Filter>
    <Filter Include="Tracking\MemWriteTracking">
      <UniqueIdentifier>{6a2c30c5-c281-4b15-80f1-4ae88ee792a4}</UniqueIdentifier>
    </Filter>
    <Filter Include="Tracking\TraceTracking">
      <UniqueIdentifier>{db1ab5e0-0425-4573-aafa-2bac1fc1ae58}</UniqueIdentifier>
    </Filter>
    <Filter Include="Tracking\MemReadTracking">
      <UniqueIdentifier>{dcac41e2-3a4c-4027-8134-79f2b148bdbf}</UniqueIdentifier>
    </Filter>
    <Filter Include="Scanner\Core">
      <UniqueIdentifier>{a3fc0634-4e70-43a4-af6b-01a9efc2be72}</UniqueIdentifier>
    </Filter>
    <Filter Include="Scanner\Pattern">
      <UniqueIdentifier>{df9f873d-e559-43fd-bc27-244b359c58d6}</UniqueIdentifier>
    </Filter>
    <Filter Include="Scanner\Tracking">
      <UniqueIdentifier>{41a193cb-fb95-47ff-a07a-76101fb5cf9e}</UniqueIdentifier>
    </Filter>
    <Filter Include="Scanner\Tracking\Execution">
      <UniqueIdentifier>{28e06070-f652-44c4-8770-968040ffc19f}</UniqueIdentifier>
    </Filter>
    <Filter Include="Scanner\Tracking\Read">
      <UniqueIdentifier>{01359566-99e1-4091-831c-1e8a37ec38b3}</UniqueIdentifier>
    </Filter>
    <Filter Include="Scanner\Tracking\Transition">
      <UniqueIdentifier>{d9fbbcc5-542c-4886-8e91-d34d61e77107}</UniqueIdentifier>
    </Filter>
    <Filter Include="Scanner\Tracking\Write">
      <UniqueIdentifier>{1d83d5e6-f989-41c4-b486-3f7607b6ec12}</UniqueIdentifier>
    </Filter>
    <Filter Include="Scanner\UI">
      <UniqueIdentifier>{2b568e14-d7bd-4340-ad1d-82454d423e7b}</UniqueIdentifier>
    </Filter>
    <Filter Include="Scanner\UI\Window">
      <UniqueIdentifier>{5f05d513-2623-4f87-b422-5c9fb224a622}</UniqueIdentifier>
    </Filter>
    <Filter Include="Scanner\UI\Toolbar">
      <UniqueIdentifier>{0f05a52b-4852-40a0-970f-c4bf8d07d14e}</UniqueIdentifier>
    </Filter>
    <Filter Include="Scanner\UI\Canditates">
      <UniqueIdentifier>{0ef56ae8-ed7f-43c5-b702-459fbf9c87c5}</UniqueIdentifier>
    </Filter>
    <Filter Include="Scanner\UI\ContextMenu">
      <UniqueIdentifier>{529da132-ed82-4953-8fb8-4e8234041b47}</UniqueIdentifier>
    </Filter>
    <Filter Include="Scanner\UI\Popups">
      <UniqueIdentifier>{1e42e0a5-b2b5-4e20-afe2-d54327e32f09}</UniqueIdentifier>
    </Filter>
  </ItemGroup>
  <ItemGroup>
    <ClCompile Include="MemoryTools.cpp">
      <Filter>Core</Filter>
    </ClCompile>
    <ClCompile Include="Reader.cpp">
      <Filter>Memory</Filter>
    </ClCompile>
    <ClCompile Include="MemorySnapshot.cpp">
      <Filter>Memory</Filter>
    </ClCompile>
    <ClCompile Include="MemoryViewerWindow.cpp">
      <Filter>Viewer</Filter>
    </ClCompile>
    <ClCompile Include="DisassemblyWindow.cpp">
      <Filter>Dissasembly</Filter>
    </ClCompile>
    <ClCompile Include="MemoryReadTrackerWindow.cpp">
      <Filter>Tracking</Filter>
    </ClCompile>
    <ClCompile Include="TrackingWindow.cpp">
      <Filter>Tracking</Filter>
    </ClCompile>
    <ClCompile Include="TraceComparison.cpp">
      <Filter>Tracking\TraceTracking</Filter>
    </ClCompile>
    <ClCompile Include="TraceComparisonPersistence.cpp">
      <Filter>Tracking\TraceTracking</Filter>
    </ClCompile>
    <ClCompile Include="TraceTracking.cpp">
      <Filter>Tracking\TraceTracking</Filter>
    </ClCompile>
    <ClCompile Include="TraceComparisonWindow.cpp">
      <Filter>Tracking\TraceTracking</Filter>
    </ClCompile>
    <ClCompile Include="TraceComparisonToolbar.cpp">
      <Filter>Tracking\TraceTracking</Filter>
    </ClCompile>
    <ClCompile Include="TraceDetailView.cpp">
      <Filter>Tracking\TraceTracking</Filter>
    </ClCompile>
    <ClCompile Include="TraceListView.cpp">
      <Filter>Tracking\TraceTracking</Filter>
    </ClCompile>
    <ClCompile Include="TraceRecordView.cpp">
      <Filter>Tracking\TraceTracking</Filter>
    </ClCompile>
    <ClCompile Include="TraceComparisonFilter.cpp">
      <Filter>Tracking\TraceTracking</Filter>
    </ClCompile>
    <ClCompile Include="TransitionTracking.cpp">
      <Filter>Tracking</Filter>
    </ClCompile>
    <ClCompile Include="ExecutionTracking.h">
      <Filter>Tracking</Filter>
    </ClCompile>
    <ClCompile Include="ExecutionTracking.cpp">
      <Filter>Tracking</Filter>
    </ClCompile>
    <ClCompile Include="TraceDifferenceBaseline.cpp">
      <Filter>Tracking\TraceTracking</Filter>
    </ClCompile>
    <ClCompile Include="TraceAlignment.cpp">
      <Filter>Tracking\TraceTracking</Filter>
    </ClCompile>
    <ClCompile Include="TraceDifferenceNavigation.cpp">
      <Filter>Tracking\TraceTracking</Filter>
    </ClCompile>
    <ClCompile Include="tests\RecordButtonFloatingWindowTest.cpp">
      <Filter>Source Files</Filter>
    </ClCompile>
    <ClCompile Include="ScannerRange.h">
      <Filter>Ui</Filter>
    </ClCompile>
    <ClCompile Include="ScannerControls.cpp">
      <Filter>Ui</Filter>
    </ClCompile>
    <ClCompile Include="ScannerMenuBar.cpp">
      <Filter>Ui</Filter>
    </ClCompile>
    <ClCompile Include="ScannerSettings.cpp">
      <Filter>Ui</Filter>
    </ClCompile>
    <ClCompile Include="MemoryWriteTracker.cpp">
      <Filter>Tracking\MemWriteTracking</Filter>
    </ClCompile>
    <ClCompile Include="MemoryWriteComparison.cpp">
      <Filter>Tracking\MemWriteTracking</Filter>
    </ClCompile>
    <ClCompile Include="MemoryWritePersistence.cpp">
      <Filter>Tracking\MemWriteTracking</Filter>
    </ClCompile>
    <ClCompile Include="MemoryReadTracker.cpp">
      <Filter>Tracking\MemReadTracking</Filter>
    </ClCompile>
    <ClCompile Include="MemoryScanner.cpp">
      <Filter>Scanner\Core</Filter>
    </ClCompile>
    <ClCompile Include="MemoryScannerPatternScan.cpp">
      <Filter>Scanner\Pattern</Filter>
    </ClCompile>
    <ClCompile Include="MemoryPatternSearch.cpp">
      <Filter>Scanner\Pattern</Filter>
    </ClCompile>
    <ClCompile Include="MemoryScannerExecutionCapture.cpp">
      <Filter>Scanner\Tracking\Execution</Filter>
    </ClCompile>
    <ClCompile Include="MemoryScannerReadTrace.cpp">
      <Filter>Scanner\Tracking\Read</Filter>
    </ClCompile>
    <ClCompile Include="MemoryScannerReadTracking.cpp">
      <Filter>Scanner\Tracking\Read</Filter>
    </ClCompile>
    <ClCompile Include="MemoryScannerTransitionTracking.cpp">
      <Filter>Scanner\Tracking\Transition</Filter>
    </ClCompile>
    <ClCompile Include="MemoryScannerWriteWatch.cpp">
      <Filter>Scanner\Tracking\Write</Filter>
    </ClCompile>
    <ClCompile Include="MemoryScannerWindow.cpp">
      <Filter>Scanner\UI\Window</Filter>
    </ClCompile>
    <ClCompile Include="MemoryScannerToolbar.cpp">
      <Filter>Scanner\UI\Toolbar</Filter>
    </ClCompile>
    <ClCompile Include="MemoryScannerCandidateRow.cpp">
      <Filter>Scanner\UI\Canditates</Filter>
    </ClCompile>
    <ClCompile Include="MemoryScannerCandidateTable.cpp">
      <Filter>Scanner\UI\Canditates</Filter>
    </ClCompile>
    <ClCompile Include="MemoryScannerAddressContextMenu.cpp">
      <Filter>Scanner\UI\ContextMenu</Filter>
    </ClCompile>
    <ClCompile Include="MemoryScannerWriteValuePopup.cpp">
      <Filter>Scanner\UI\Popups</Filter>
    </ClCompile>
    <ClCompile Include="MemoryScannerReadWatch.cpp">
      <Filter>Scanner\Tracking\Read</Filter>
    </ClCompile>
  </ItemGroup>
  <ItemGroup>
    <ClInclude Include="MemoryTools.h">
      <Filter>Core</Filter>
    </ClInclude>
    <ClInclude Include="MemoryReader.h">
      <Filter>Memory</Filter>
    </ClInclude>
    <ClInclude Include="MemorySnapshot.h">
      <Filter>Memory</Filter>
    </ClInclude>
    <ClInclude Include="MemoryViewerWindow.h">
      <Filter>Viewer</Filter>
    </ClInclude>
    <ClInclude Include="DisassemblyWindow.h">
      <Filter>Dissasembly</Filter>
    </ClInclude>
    <ClInclude Include="MemoryReadTrackerWindow.h">
      <Filter>Tracking</Filter>
    </ClInclude>
    <ClInclude Include="TrackingWindow.h">
      <Filter>Tracking</Filter>
    </ClInclude>
    <ClInclude Include="TraceComparison.h">
      <Filter>Tracking\TraceTracking</Filter>
    </ClInclude>
    <ClInclude Include="TraceComparisonPersistence.h">
      <Filter>Tracking\TraceTracking</Filter>
    </ClInclude>
    <ClInclude Include="TraceTracking.h">
      <Filter>Tracking\TraceTracking</Filter>
    </ClInclude>
    <ClInclude Include="TraceComparisonWindow.h">
      <Filter>Tracking\TraceTracking</Filter>
    </ClInclude>
    <ClInclude Include="TraceListView.h">
      <Filter>Tracking\TraceTracking</Filter>
    </ClInclude>
    <ClInclude Include="TraceDetailView.h">
      <Filter>Tracking\TraceTracking</Filter>
    </ClInclude>
    <ClInclude Include="TraceComparisonToolbar.h">
      <Filter>Tracking\TraceTracking</Filter>
    </ClInclude>
    <ClInclude Include="TraceRecordView.h">
      <Filter>Tracking\TraceTracking</Filter>
    </ClInclude>
    <ClInclude Include="TraceComparisonFilter.h">
      <Filter>Tracking\TraceTracking</Filter>
    </ClInclude>
    <ClInclude Include="TransitionTracking.h">
      <Filter>Tracking</Filter>
    </ClInclude>
    <ClInclude Include="TraceDifferenceBaseline.h">
      <Filter>Tracking\TraceTracking</Filter>
    </ClInclude>
    <ClInclude Include="TraceAlignment.h">
      <Filter>Tracking\TraceTracking</Filter>
    </ClInclude>
    <ClInclude Include="TraceDifferenceNavigation.h">
      <Filter>Tracking\TraceTracking</Filter>
    </ClInclude>
    <ClInclude Include="ScannerAddress.h">
      <Filter>Ui</Filter>
    </ClInclude>
    <ClInclude Include="ScannerControls.h">
      <Filter>Ui</Filter>
    </ClInclude>
    <ClInclude Include="ScannerMenuBar.h">
      <Filter>Ui</Filter>
    </ClInclude>
    <ClInclude Include="ScannerSettings.h">
      <Filter>Ui</Filter>
    </ClInclude>
    <ClInclude Include="MemoryWriteTracker.h">
      <Filter>Tracking\MemWriteTracking</Filter>
    </ClInclude>
    <ClInclude Include="MemoryWriteComparison.h">
      <Filter>Tracking\MemWriteTracking</Filter>
    </ClInclude>
    <ClInclude Include="MemoryWritePersistence.h">
      <Filter>Tracking\MemWriteTracking</Filter>
    </ClInclude>
    <ClInclude Include="MemoryReadTracker.h">
      <Filter>Tracking\MemReadTracking</Filter>
    </ClInclude>
    <ClInclude Include="MemoryScanner.h">
      <Filter>Scanner\Core</Filter>
    </ClInclude>
    <ClInclude Include="MemoryScannerPatternScan.h">
      <Filter>Scanner\Pattern</Filter>
    </ClInclude>
    <ClInclude Include="MemoryPatternSearch.h">
      <Filter>Scanner\Pattern</Filter>
    </ClInclude>
    <ClInclude Include="MemoryScannerWindow.h">
      <Filter>Scanner\UI\Window</Filter>
    </ClInclude>
    <ClInclude Include="MemoryScannerToolbar.h">
      <Filter>Scanner\UI\Toolbar</Filter>
    </ClInclude>
    <ClInclude Include="MemoryScannerCandidateRow.h">
      <Filter>Scanner\UI\Canditates</Filter>
    </ClInclude>
    <ClInclude Include="MemoryScannerCandidateTable.h">
      <Filter>Scanner\UI\Canditates</Filter>
    </ClInclude>
    <ClInclude Include="MemoryScannerAddressContextMenu.h">
      <Filter>Scanner\UI\ContextMenu</Filter>
    </ClInclude>
    <ClInclude Include="MemoryScannerWriteValuePopup.h">
      <Filter>Scanner\UI\Popups</Filter>
    </ClInclude>
  </ItemGroup>
  <ItemGroup>
    <None Include="scripts\bootstrap_vcpkg_and_gtest.ps1" />
  </ItemGroup>
  <ItemGroup>
    <ClCompile Include="DisassemblyCallerSearch.cpp">
      <Filter>Dissasembly</Filter>
    </ClCompile>
    <ClInclude Include="DisassemblyCallerSearch.h">
      <Filter>Dissasembly</Filter>
    </ClInclude>
    <ClCompile Include="DisassemblySavedAddresses.cpp">
      <Filter>Dissasembly</Filter>
    </ClCompile>
    <ClInclude Include="DisassemblySavedAddresses.h">
      <Filter>Dissasembly</Filter>
    </ClInclude>
    <ClInclude Include="DisassemblyState.h">
      <Filter>Dissasembly</Filter>
    </ClInclude>
    <ClCompile Include="DisassemblyToolbar.cpp">
      <Filter>Dissasembly</Filter>
    </ClCompile>
    <ClInclude Include="DisassemblyToolbar.h">
      <Filter>Dissasembly</Filter>
    </ClInclude>
    <ClCompile Include="DisassemblyView.cpp">
      <Filter>Dissasembly</Filter>
    </ClCompile>
    <ClInclude Include="DisassemblyView.h">
      <Filter>Dissasembly</Filter>
    </ClInclude>
  </ItemGroup>
  <ItemGroup>
    <ClCompile Include="MemoryReadRecording.cpp">
      <Filter>Tracking</Filter>
    </ClCompile>
    <ClInclude Include="MemoryReadRecording.h">
      <Filter>Tracking</Filter>
    </ClInclude>
    <ClCompile Include="MemoryReadComparison.cpp">
      <Filter>Tracking</Filter>
    </ClCompile>
    <ClInclude Include="MemoryReadComparison.h">
      <Filter>Tracking</Filter>
    </ClInclude>
    <ClCompile Include="MemoryReadInstructionView.cpp">
      <Filter>Tracking</Filter>
    </ClCompile>
    <ClInclude Include="MemoryReadInstructionView.h">
      <Filter>Tracking</Filter>
    </ClInclude>
    <ClCompile Include="MemoryReadPersistence.cpp">
      <Filter>Tracking</Filter>
    </ClCompile>
    <ClInclude Include="MemoryReadPersistence.h">
      <Filter>Tracking</Filter>
    </ClInclude>
  </ItemGroup>
</Project>