<?xml version="1.0" encoding="utf-8"?>
<Project ToolsVersion="4.0" xmlns="http://schemas.microsoft.com/developer/msbuild/2003">
  <ItemGroup>
    <Filter Include="App">
      <UniqueIdentifier>{3a8d1c55-7e02-4b6f-a1d9-5c24e8f06b11}</UniqueIdentifier>
    </Filter>
    <Filter Include="Britannia3d">
      <UniqueIdentifier>{c4e7a219-6b3f-4d58-9e21-7a0b5d8c3f64}</UniqueIdentifier>
    </Filter>
    <Filter Include="Stallszene">
      <UniqueIdentifier>{5e8a2c41-b7d9-4f36-8c15-2a9e7f0d6b83}</UniqueIdentifier>
    </Filter>
    <Filter Include="U7 Daten">
      <UniqueIdentifier>{9f2e4b70-1c3d-4a85-b6e7-0d8a5c31f422}</UniqueIdentifier>
    </Filter>
  </ItemGroup>
  <ItemGroup>
    <ClCompile Include="Britannia3dView.cpp">
      <Filter>Britannia3d</Filter>
    </ClCompile>
    <ClCompile Include="PixelArtScale.cpp">
      <Filter>Britannia3d</Filter>
    </ClCompile>
    <ClCompile Include="WoodMaterial.cpp">
      <Filter>Britannia3d</Filter>
    </ClCompile>
    <ClCompile Include="StableSceneProps.cpp">
      <Filter>Stallszene</Filter>
    </ClCompile>
    <ClCompile Include="StableTools.cpp">
      <Filter>Stallszene</Filter>
    </ClCompile>
    <ClCompile Include="DoorModel.cpp">
      <Filter>Stallszene</Filter>
    </ClCompile>
    <ClCompile Include="ThatchMaterial.cpp">
      <Filter>Britannia3d</Filter>
    </ClCompile>
    <ClCompile Include="TreeModel.cpp">
      <Filter>Britannia3d</Filter>
    </ClCompile>
    <ClCompile Include="StoneMaterial.cpp">
      <Filter>Britannia3d</Filter>
    </ClCompile>
    <ClCompile Include="SlateMaterial.cpp">
      <Filter>Britannia3d</Filter>
    </ClCompile>
    <ClCompile Include="LampModel.cpp">
      <Filter>Britannia3d</Filter>
    </ClCompile>
    <ClCompile Include="WellModel.cpp">
      <Filter>Britannia3d</Filter>
    </ClCompile>
    <ClCompile Include="AshlarMaterial.cpp">
      <Filter>Britannia3d</Filter>
    </ClCompile>
    <ClCompile Include="CobbleMaterial.cpp">
      <Filter>Britannia3d</Filter>
    </ClCompile>
    <ClCompile Include="GateModels.cpp">
      <Filter>Britannia3d</Filter>
    </ClCompile>
    <ClCompile Include="GrassMaterial.cpp">
      <Filter>Britannia3d</Filter>
    </ClCompile>
    <ClCompile Include="MudMaterial.cpp">
      <Filter>Britannia3d</Filter>
    </ClCompile>
    <ClCompile Include="PropModels.cpp">
      <Filter>Britannia3d</Filter>
    </ClCompile>
    <ClCompile Include="main.cpp">
      <Filter>App</Filter>
    </ClCompile>
    <ClCompile Include="U7Data.cpp">
      <Filter>U7 Daten</Filter>
    </ClCompile>
    <ClCompile Include="U7GroundGrid.cpp">
      <Filter>U7 Daten</Filter>
    </ClCompile>
    <ClCompile Include="U7ObjectModel.cpp">
      <Filter>Britannia3d</Filter>
    </ClCompile>
    <ClCompile Include="U7ObjectLayer.cpp">
      <Filter>U7 Daten</Filter>
    </ClCompile>
  </ItemGroup>
  <ItemGroup>
    <ClInclude Include="Britannia3dView.h">
      <Filter>Britannia3d</Filter>
    </ClInclude>
    <ClInclude Include="PixelArtScale.h">
      <Filter>Britannia3d</Filter>
    </ClInclude>
    <ClInclude Include="U73dScale.h">
      <Filter>Britannia3d</Filter>
    </ClInclude>
    <ClInclude Include="WoodMaterial.h">
      <Filter>Britannia3d</Filter>
    </ClInclude>
    <ClInclude Include="StableScene.h">
      <Filter>Stallszene</Filter>
    </ClInclude>
    <ClInclude Include="DoorModel.h">
      <Filter>Stallszene</Filter>
    </ClInclude>
    <ClInclude Include="ThatchMaterial.h">
      <Filter>Britannia3d</Filter>
    </ClInclude>
    <ClInclude Include="TreeModel.h">
      <Filter>Britannia3d</Filter>
    </ClInclude>
    <ClInclude Include="StoneMaterial.h">
      <Filter>Britannia3d</Filter>
    </ClInclude>
    <ClInclude Include="SlateMaterial.h">
      <Filter>Britannia3d</Filter>
    </ClInclude>
    <ClInclude Include="LampModel.h">
      <Filter>Britannia3d</Filter>
    </ClInclude>
    <ClInclude Include="WellModel.h">
      <Filter>Britannia3d</Filter>
    </ClInclude>
    <ClInclude Include="AshlarMaterial.h">
      <Filter>Britannia3d</Filter>
    </ClInclude>
    <ClInclude Include="CobbleMaterial.h">
      <Filter>Britannia3d</Filter>
    </ClInclude>
    <ClInclude Include="GateModels.h">
      <Filter>Britannia3d</Filter>
    </ClInclude>
    <ClInclude Include="GrassMaterial.h">
      <Filter>Britannia3d</Filter>
    </ClInclude>
    <ClInclude Include="MudMaterial.h">
      <Filter>Britannia3d</Filter>
    </ClInclude>
    <ClInclude Include="PropModels.h">
      <Filter>Britannia3d</Filter>
    </ClInclude>
    <ClInclude Include="U7Data.h">
      <Filter>U7 Daten</Filter>
    </ClInclude>
    <ClInclude Include="U7GroundGrid.h">
      <Filter>U7 Daten</Filter>
    </ClInclude>
    <ClInclude Include="U7ObjectModel.h">
      <Filter>Britannia3d</Filter>
    </ClInclude>
    <ClInclude Include="U7ObjectLayer.h">
      <Filter>U7 Daten</Filter>
    </ClInclude>
  </ItemGroup>
</Project>
