<?xml version="1.0" encoding="utf-8"?>
<Project ToolsVersion="4.0" xmlns="http://schemas.microsoft.com/developer/msbuild/2003">
  <ItemGroup>
    <Filter Include="Source Files">
      <UniqueIdentifier>{4FC737F1-C7A5-4376-A066-2A32D752A2FF}</UniqueIdentifier>
      <Extensions>cpp;c;cc;cxx;c++;cppm;ixx;def;odl;idl;hpj;bat;asm;asmx</Extensions>
    </Filter>
    <Filter Include="Game">
      <UniqueIdentifier>{51369327-89bf-40df-b854-466427517565}</UniqueIdentifier>
    </Filter>
    <Filter Include="Input">
      <UniqueIdentifier>{78e1cfea-58d2-4d78-86e6-c33adf7f6611}</UniqueIdentifier>
    </Filter>
    <Filter Include="Items">
      <UniqueIdentifier>{31a37333-4fda-4053-849b-f0816d381db8}</UniqueIdentifier>
    </Filter>
    <Filter Include="Windows">
      <UniqueIdentifier>{41b44395-2049-4e98-8721-1e460ebc3643}</UniqueIdentifier>
    </Filter>
    <Filter Include="Launch">
      <UniqueIdentifier>{1b224250-4540-4e76-85c3-c65c9f2e0070}</UniqueIdentifier>
    </Filter>
  </ItemGroup>
  <ItemGroup>
    <ClInclude Include="Item.h">
      <Filter>Items</Filter>
    </ClInclude>
    <ClInclude Include="ItemSource.h">
      <Filter>Items</Filter>
    </ClInclude>
    <ClInclude Include="MightAndMagic3ItemSource.h">
      <Filter>Items</Filter>
    </ClInclude>
    <ClInclude Include="MightAndMagic3Inventory.h">
      <Filter>Items</Filter>
    </ClInclude>
    <ClInclude Include="ItemExplorerWindow.h">
      <Filter>Windows</Filter>
    </ClInclude>
    <ClInclude Include="GameState.h">
      <Filter>Game</Filter>
    </ClInclude>
    <ClInclude Include="StateReader.h">
      <Filter>Game</Filter>
    </ClInclude>
    <ClInclude Include="Position.h">
      <Filter>Game</Filter>
    </ClInclude>
    <ClInclude Include="MM3KeyBindings.h">
      <Filter>Input</Filter>
    </ClInclude>
    <ClInclude Include="ScreenSignatures.h">
      <Filter>Game</Filter>
    </ClInclude>
    <ClInclude Include="MM3Launcher.h">
      <Filter>Launch</Filter>
    </ClInclude>
  </ItemGroup>
  <ItemGroup>
    <ClCompile Include="ItemExplorerWindow.cpp">
      <Filter>Windows</Filter>
    </ClCompile>
    <ClCompile Include="MightAndMagic3ItemSource.cpp">
      <Filter>Items</Filter>
    </ClCompile>
    <ClCompile Include="Position.cpp">
      <Filter>Game</Filter>
    </ClCompile>
    <ClCompile Include="StateReader.cpp">
      <Filter>Game</Filter>
    </ClCompile>
    <ClCompile Include="MM3KeyBindings.cpp">
      <Filter>Input</Filter>
    </ClCompile>
    <ClCompile Include="ScreenSignatures.cpp">
      <Filter>Game</Filter>
    </ClCompile>
    <ClCompile Include="MM3Launcher.cpp">
      <Filter>Launch</Filter>
    </ClCompile>
  </ItemGroup>
</Project>