<?xml version="1.0" encoding="utf-8"?>
<Project ToolsVersion="4.0" xmlns="http://schemas.microsoft.com/developer/msbuild/2003">
  <ItemGroup>
    <Filter Include="Core">
      <UniqueIdentifier>{c8a8227a-ff93-4cf1-8019-777470da0b42}</UniqueIdentifier>
    </Filter>
    <Filter Include="Windows">
      <UniqueIdentifier>{66ce2819-2b33-4dfe-a222-5f975a056fd6}</UniqueIdentifier>
    </Filter>
    <Filter Include="Layout">
      <UniqueIdentifier>{e439567d-6ab7-4e6e-b157-e6aefc8e34bb}</UniqueIdentifier>
    </Filter>
    <Filter Include="Interaction">
      <UniqueIdentifier>{760504f6-a988-4c49-97b4-1fc2c11be96f}</UniqueIdentifier>
    </Filter>
    <Filter Include="Wigets">
      <UniqueIdentifier>{df8b15e6-f5a4-4892-90a3-a3ce8c01a1c1}</UniqueIdentifier>
    </Filter>
    <Filter Include="Internal">
      <UniqueIdentifier>{6c6876c2-c207-4b8c-aae8-5af9e083eb3c}</UniqueIdentifier>
    </Filter>
    <Filter Include="UiSettings">
      <UniqueIdentifier>{a8cb85f4-3b66-4fef-a737-0aa442e379fc}</UniqueIdentifier>
    </Filter>
    <Filter Include="ItemExplorer">
      <UniqueIdentifier>{0b99abfc-60cb-42c8-81cc-2cfdbf89f6ac}</UniqueIdentifier>
    </Filter>
    <Filter Include="Games">
      <UniqueIdentifier>{88a4d003-0533-4872-8b54-870646681703}</UniqueIdentifier>
    </Filter>
    <Filter Include="Games\docs">
      <UniqueIdentifier>{298750f3-cbd0-411d-90a5-bd944776a1ad}</UniqueIdentifier>
    </Filter>
    <Filter Include="RecordButton">
      <UniqueIdentifier>{b85af1da-6cc0-421e-9f61-6eb5977df2fb}</UniqueIdentifier>
    </Filter>
  </ItemGroup>
  <ItemGroup>
    <ClInclude Include="MyImGui.h">
      <Filter>Core</Filter>
    </ClInclude>
    <ClInclude Include="FloatingWindow.h">
      <Filter>Windows</Filter>
    </ClInclude>
    <ClInclude Include="FlowLayout.h">
      <Filter>Layout</Filter>
    </ClInclude>
    <ClInclude Include="DragDropReorder.h">
      <Filter>Interaction</Filter>
    </ClInclude>
    <ClInclude Include="framework.h">
      <Filter>Internal</Filter>
    </ClInclude>
    <ClInclude Include="pch.h">
      <Filter>Internal</Filter>
    </ClInclude>
    <ClInclude Include="WindowCapture.h">
      <Filter>Windows</Filter>
    </ClInclude>
    <ClInclude Include="MainMenu.h">
      <Filter>Layout</Filter>
    </ClInclude>
    <ClInclude Include="MyImGuiSettings.h">
      <Filter>UiSettings</Filter>
    </ClInclude>
    <ClInclude Include="MyImGuiSettingsWindow.h">
      <Filter>UiSettings</Filter>
    </ClInclude>
    <ClInclude Include="RecordButton.h">
      <Filter>RecordButton</Filter>
    </ClInclude>
    <ClInclude Include="ItemSource.h">
      <Filter>Wigets</Filter>
    </ClInclude>
  </ItemGroup>
  <ItemGroup>
    <ClCompile Include="MyImGui.cpp">
      <Filter>Core</Filter>
    </ClCompile>
    <ClCompile Include="FloatingWindow.cpp">
      <Filter>Windows</Filter>
    </ClCompile>
    <ClCompile Include="FlowLayout.cpp">
      <Filter>Layout</Filter>
    </ClCompile>
    <ClCompile Include="DragDropRecoder.cpp">
      <Filter>Interaction</Filter>
    </ClCompile>
    <ClCompile Include="pch.cpp">
      <Filter>Internal</Filter>
    </ClCompile>
    <ClCompile Include="WindowCapture.cpp">
      <Filter>Windows</Filter>
    </ClCompile>
    <ClCompile Include="MainMenu.cpp">
      <Filter>Layout</Filter>
    </ClCompile>
    <ClCompile Include="MyImGuiSettings.cpp">
      <Filter>UiSettings</Filter>
    </ClCompile>
    <ClCompile Include="MyImGuiSettingsWindow.cpp">
      <Filter>UiSettings</Filter>
    </ClCompile>
    <ClCompile Include="RecordButton.cpp">
      <Filter>RecordButton</Filter>
    </ClCompile>
  </ItemGroup>
</Project>